
Microsoft Visual Studio Solution File, Format Version 12.00
# Visual Studio Version 17
VisualStudioVersion = 17.13.35913.81 d17.13
MinimumVisualStudioVersion = 10.0.40219.1
Project("{FAE04EC0-301F-11D3-BF4B-00C04F79EFBC}") = "Servidor", "Servidor\Servidor.csproj", "{26ECEA09-8ABD-4859-B87E-6FAAD6B39117}"
EndProject
Project("{FAE04EC0-301F-11D3-BF4B-00C04F79EFBC}") = "Cliente", "Cliente\Cliente.csproj", "{359A0CD1-F98E-4456-B73D-EBD97C8A8510}"
EndProject
Global
	GlobalSection(SolutionConfigurationPlatforms) = preSolution
		Debug|Any CPU = Debug|Any CPU
		Release|Any CPU = Release|Any CPU
	EndGlobalSection
	GlobalSection(ProjectConfigurationPlatforms) = postSolution
		{26ECEA09-8ABD-4859-B87E-6FAAD6B39117}.Debug|Any CPU.ActiveCfg = Debug|Any CPU
		{26ECEA09-8ABD-4859-B87E-6FAAD6B39117}.Debug|Any CPU.Build.0 = Debug|Any CPU
		{26ECEA09-8ABD-4859-B87E-6FAAD6B39117}.Release|Any CPU.ActiveCfg = Release|Any CPU
		{26ECEA09-8ABD-4859-B87E-6FAAD6B39117}.Release|Any CPU.Build.0 = Release|Any CPU
		{359A0CD1-F98E-4456-B73D-EBD97C8A8510}.Debug|Any CPU.ActiveCfg = Debug|Any CPU
		{359A0CD1-F98E-4456-B73D-EBD97C8A8510}.Debug|Any CPU.Build.0 = Debug|Any CPU
		{359A0CD1-F98E-4456-B73D-EBD97C8A8510}.Release|Any CPU.ActiveCfg = Release|Any CPU
		{359A0CD1-F98E-4456-B73D-EBD97C8A8510}.Release|Any CPU.Build.0 = Release|Any CPU
	EndGlobalSection
	GlobalSection(SolutionProperties) = preSolution
		HideSolutionNode = FALSE
	EndGlobalSection
	GlobalSection(ExtensibilityGlobals) = postSolution
		SolutionGuid = {49B8BA73-2125-4EBB-894F-E69A5AE27C95}
	EndGlobalSection
EndGlobal
